// !$*UTF8*$!
{
	archiveVersion = 1;
	classes = {
	};
	objectVersion = 46;
	objects = {

/* Begin PBXBuildFile section */
		33626B201504B6800089B7CD /* main.c in Sources */ = {isa = PBXBuildFile; fileRef = 33626B1F1504B6800089B7CD /* main.c */; };
		33626B221504B6800089B7CD /* MyFirstApp.1 in CopyFiles */ = {isa = PBXBuildFile; fileRef = 33626B211504B6800089B7CD /* MyFirstApp.1 */; };
/* End PBXBuildFile section */

/* Begin PBXCopyFilesBuildPhase section */
		33626B191504B6800089B7CD /* CopyFiles */ = {
			isa = PBXCopyFilesBuildPhase;
			buildActionMask = 2147483647;
			dstPath = /usr/share/man/man1/;
			dstSubfolderSpec = 0;
			files = (
				33626B221504B6800089B7CD /* MyFirstApp.1 in CopyFiles */,
			);
			runOnlyForDeploymentPostprocessing = 1;
		};
/* End PBXCopyFilesBuildPhase section */

/* Begin PBXFileReference section */
		33626B1B1504B6800089B7CD /* MyFirstApp */ = {isa = PBXFileReference; explicitFileType = "compiled.mach-o.executable"; includeInIndex = 0; path = MyFirstApp; sourceTree = BUILT_PRODUCTS_DIR; };
		33626B1F1504B6800089B7CD /* main.c */ = {isa = PBXFileReference; lastKnownFileType = sourcecode.c.c; path = main.c; sourceTree = "<group>"; };
		33626B211504B6800089B7CD /* MyFirstApp.1 */ = {isa = PBXFileReference; lastKnownFileType = text.man; path = MyFirstApp.1; sourceTree = "<group>"; };
/* End PBXFileReference section */

/* Begin PBXFrameworksBuildPhase section */
		33626B181504B6800089B7CD /* Frameworks */ = {
			isa = PBXFrameworksBuildPhase;
			buildActionMask = 2147483647;
			files = (
			);
			runOnlyForDeploymentPostprocessing = 0;
		};
/* End PBXFrameworksBuildPhase section */

/* Begin PBXGroup section */
		33626B101504B6800089B7CD = {
			isa = PBXGroup;
			children = (
				33626B1E1504B6800089B7CD /* MyFirstApp */,
				33626B1C1504B6800089B7CD /* Products */,
			);
			sourceTree = "<group>";
		};
		33626B1C1504B6800089B7CD /* Products */ = {
			isa = PBXGroup;
			children = (
				33626B1B1504B6800089B7CD /* MyFirstApp */,
			);
			name = Products;
			sourceTree = "<group>";
		};
		33626B1E1504B6800089B7CD /* MyFirstApp */ = {
			isa = PBXGroup;
			children = (
				33626B1F1504B6800089B7CD /* main.c */,
				33626B211504B6800089B7CD /* MyFirstApp.1 */,
			);
			path = MyFirstApp;
			sourceTree = "<group>";
		};
/* End PBXGroup section */

/* Begin PBXNativeTarget section */
		33626B1A1504B6800089B7CD /* MyFirstApp */ = {
			isa = PBXNativeTarget;
			buildConfigurationList = 33626B251504B6800089B7CD /* Build configuration list for PBXNativeTarget "MyFirstApp" */;
			buildPhases = (
				33626B171504B6800089B7CD /* Sources */,
				33626B181504B6800089B7CD /* Frameworks */,
				33626B191504B6800089B7CD /* CopyFiles */,
			);
			buildRules = (
			);
			dependencies = (
			);
			name = MyFirstApp;
			productName = MyFirstApp;
			productReference = 33626B1B1504B6800089B7CD /* MyFirstApp */;
			productType = "com.apple.product-type.tool";
		};
/* End PBXNativeTarget section */

/* Begin PBXProject section */
		33626B121504B6800089B7CD /* Project object */ = {
			isa = PBXProject;
			attributes = {
				LastUpgradeCheck = 0430;
				ORGANIZATIONNAME = U2U;
			};
			buildConfigurationList = 33626B151504B6800089B7CD /* Build configuration list for PBXProject "MyFirstApp" */;
			compatibilityVersion = "Xcode 3.2";
			developmentRegion = English;
			hasScannedForEncodings = 0;
			knownRegions = (
				en,
			);
			mainGroup = 33626B101504B6800089B7CD;
			productRefGroup = 33626B1C1504B6800089B7CD /* Products */;
			projectDirPath = "";
			projectRoot = "";
			targets = (
				33626B1A1504B6800089B7CD /* MyFirstApp */,
			);
		};
/* End PBXProject section */

/* Begin PBXSourcesBuildPhase section */
		33626B171504B6800089B7CD /* Sources */ = {
			isa = PBXSourcesBuildPhase;
			buildActionMask = 2147483647;
			files = (
				33626B201504B6800089B7CD /* main.c in Sources */,
			);
			runOnlyForDeploymentPostprocessing = 0;
		};
/* End PBXSourcesBuildPhase section */

/* Begin XCBuildConfiguration section */
		33626B231504B6800089B7CD /* Debug */ = {
			isa = XCBuildConfiguration;
			buildSettings = {
				ALWAYS_SEARCH_USER_PATHS = NO;
				ARCHS = "$(ARCHS_STANDARD_64_BIT)";
				CLANG_ENABLE_OBJC_ARC = YES;
				COPY_PHASE_STRIP = NO;
				GCC_C_LANGUAGE_STANDARD = gnu99;
				GCC_DYNAMIC_NO_PIC = NO;
				GCC_ENABLE_OBJC_EXCEPTIONS = YES;
				GCC_OPTIMIZATION_LEVEL = 0;
				GCC_PREPROCESSOR_DEFINITIONS = (
					"DEBUG=1",
					"$(inherited)",
				);
				GCC_SYMBOLS_PRIVATE_EXTERN = NO;
				GCC_VERSION = com.apple.compilers.llvm.clang.1_0;
				GCC_WARN_64_TO_32_BIT_CONVERSION = YES;
				GCC_WARN_ABOUT_RETURN_TYPE = YES;
				GCC_WARN_UNINITIALIZED_AUTOS = YES;
				GCC_WARN_UNUSED_VARIABLE = YES;
				MACOSX_DEPLOYMENT_TARGET = 10.7;
				ONLY_ACTIVE_ARCH = YES;
				SDKROOT = macosx;
			};
			name = Debug;
		};
		33626B241504B6800089B7CD /* Release */ = {
			isa = XCBuildConfiguration;
			buildSettings = {
				ALWAYS_SEARCH_USER_PATHS = NO;
				ARCHS = "$(ARCHS_STANDARD_64_BIT)";
				CLANG_ENABLE_OBJC_ARC = YES;
				COPY_PHASE_STRIP = YES;
				DEBUG_INFORMATION_FORMAT = "dwarf-with-dsym";
				GCC_C_LANGUAGE_STANDARD = gnu99;
				GCC_ENABLE_OBJC_EXCEPTIONS = YES;
				GCC_VERSION = com.apple.compilers.llvm.clang.1_0;
				GCC_WARN_64_TO_32_BIT_CONVERSION = YES;
				GCC_WARN_ABOUT_RETURN_TYPE = YES;
				GCC_WARN_UNINITIALIZED_AUTOS = YES;
				GCC_WARN_UNUSED_VARIABLE = YES;
				MACOSX_DEPLOYMENT_TARGET = 10.7;
				SDKROOT = macosx;
			};
			name = Release;
		};
		33626B261504B6800089B7CD /* Debug */ = {
			isa = XCBuildConfiguration;
			buildSettings = {
				PRODUCT_NAME = "$(TARGET_NAME)";
			};
			name = Debug;
		};
		33626B271504B6800089B7CD /* Release */ = {
			isa = XCBuildConfiguration;
			buildSettings = {
				PRODUCT_NAME = "$(TARGET_NAME)";
			};
			name = Release;
		};
/* End XCBuildConfiguration section */

/* Begin XCConfigurationList section */
		33626B151504B6800089B7CD /* Build configuration list for PBXProject "MyFirstApp" */ = {
			isa = XCConfigurationList;
			buildConfigurations = (
				33626B231504B6800089B7CD /* Debug */,
				33626B241504B6800089B7CD /* Release */,
			);
			defaultConfigurationIsVisible = 0;
			defaultConfigurationName = Release;
		};
		33626B251504B6800089B7CD /* Build configuration list for PBXNativeTarget "MyFirstApp" */ = {
			isa = XCConfigurationList;
			buildConfigurations = (
				33626B261504B6800089B7CD /* Debug */,
				33626B271504B6800089B7CD /* Release */,
			);
			defaultConfigurationIsVisible = 0;
		};
/* End XCConfigurationList section */
	};
	rootObject = 33626B121504B6800089B7CD /* Project object */;
}
